
Microsoft Visual Studio Solution File, Format Version 12.00
# Visual Studio Version 17
VisualStudioVersion = 17.8.34408.163
MinimumVisualStudioVersion = 10.0.40219.1
Project("{2150E333-8FDC-42A3-9474-1A3956D46DE8}") = "src", "src", "{DD11AB8D-D872-4BFD-851F-53F686DC99D6}"
EndProject
Project("{2150E333-8FDC-42A3-9474-1A3956D46DE8}") = "tests", "tests", "{E8F6ADFC-0D51-4213-AB28-EADC4379975B}"
EndProject
Project("{2150E333-8FDC-42A3-9474-1A3956D46DE8}") = "img", "img", "{C6864A41-3A2B-4206-8627-7A50F96B49F3}"
	ProjectSection(SolutionItems) = preProject
		..\..\Documents\Năm III - Học kỳ 2\Authentication JWT.png = ..\..\Documents\Năm III - Học kỳ 2\Authentication JWT.png
	EndProjectSection
EndProject
Project("{9A19103F-16F7-4668-BE54-9A1E7A4F7556}") = "BookCatalog.API", "src\BookCatalog.API\BookCatalog.API.csproj", "{959957E5-0D16-42DF-B281-F3E1886E069C}"
EndProject
Project("{9A19103F-16F7-4668-BE54-9A1E7A4F7556}") = "Identity.API", "src\Identity.API\Identity.API.csproj", "{46321BAA-09EB-4B96-BF9B-787B30E9E2AD}"
EndProject
Project("{9A19103F-16F7-4668-BE54-9A1E7A4F7556}") = "Basket.API", "src\Basket.API\Basket.API.csproj", "{064D35B0-5236-47BC-86E4-73B54A2BED44}"
EndProject
Project("{E53339B2-1760-4266-BCC7-CA923CBCF16C}") = "docker-compose", "src\docker-compose.dcproj", "{DC69F3F7-6129-4AFC-BCBD-C86E4D721542}"
EndProject
Project("{9A19103F-16F7-4668-BE54-9A1E7A4F7556}") = "APIGateway", "src\APIGateway\APIGateway.csproj", "{9D16FC9B-98CC-4627-A0D9-3D7CCE326B57}"
EndProject
Project("{9A19103F-16F7-4668-BE54-9A1E7A4F7556}") = "Ordering.API", "src\Ordering.API\Ordering.API.csproj", "{8AAF1514-62B2-4900-A11D-0C292B6B3F89}"
EndProject
Project("{FAE04EC0-301F-11D3-BF4B-00C04F79EFBC}") = "ContentRecSys", "src\ContentRecSys\ContentRecSys.csproj", "{4253CB7F-1898-4E12-A646-23DBE15412DC}"
EndProject
Project("{9A19103F-16F7-4668-BE54-9A1E7A4F7556}") = "EventBus.Messaging", "src\BuildingBlocks\EventBus.Messaging.csproj", "{F7CE3A45-ED8C-46E7-A15A-EA3981CE1072}"
EndProject
Global
	GlobalSection(SolutionConfigurationPlatforms) = preSolution
		Debug|Any CPU = Debug|Any CPU
		Release|Any CPU = Release|Any CPU
	EndGlobalSection
	GlobalSection(ProjectConfigurationPlatforms) = postSolution
		{959957E5-0D16-42DF-B281-F3E1886E069C}.Debug|Any CPU.ActiveCfg = Debug|Any CPU
		{959957E5-0D16-42DF-B281-F3E1886E069C}.Debug|Any CPU.Build.0 = Debug|Any CPU
		{959957E5-0D16-42DF-B281-F3E1886E069C}.Release|Any CPU.ActiveCfg = Release|Any CPU
		{959957E5-0D16-42DF-B281-F3E1886E069C}.Release|Any CPU.Build.0 = Release|Any CPU
		{46321BAA-09EB-4B96-BF9B-787B30E9E2AD}.Debug|Any CPU.ActiveCfg = Debug|Any CPU
		{46321BAA-09EB-4B96-BF9B-787B30E9E2AD}.Debug|Any CPU.Build.0 = Debug|Any CPU
		{46321BAA-09EB-4B96-BF9B-787B30E9E2AD}.Release|Any CPU.ActiveCfg = Release|Any CPU
		{46321BAA-09EB-4B96-BF9B-787B30E9E2AD}.Release|Any CPU.Build.0 = Release|Any CPU
		{064D35B0-5236-47BC-86E4-73B54A2BED44}.Debug|Any CPU.ActiveCfg = Debug|Any CPU
		{064D35B0-5236-47BC-86E4-73B54A2BED44}.Debug|Any CPU.Build.0 = Debug|Any CPU
		{064D35B0-5236-47BC-86E4-73B54A2BED44}.Release|Any CPU.ActiveCfg = Release|Any CPU
		{064D35B0-5236-47BC-86E4-73B54A2BED44}.Release|Any CPU.Build.0 = Release|Any CPU
		{DC69F3F7-6129-4AFC-BCBD-C86E4D721542}.Debug|Any CPU.ActiveCfg = Debug|Any CPU
		{DC69F3F7-6129-4AFC-BCBD-C86E4D721542}.Debug|Any CPU.Build.0 = Debug|Any CPU
		{DC69F3F7-6129-4AFC-BCBD-C86E4D721542}.Release|Any CPU.ActiveCfg = Release|Any CPU
		{DC69F3F7-6129-4AFC-BCBD-C86E4D721542}.Release|Any CPU.Build.0 = Release|Any CPU
		{9D16FC9B-98CC-4627-A0D9-3D7CCE326B57}.Debug|Any CPU.ActiveCfg = Debug|Any CPU
		{9D16FC9B-98CC-4627-A0D9-3D7CCE326B57}.Debug|Any CPU.Build.0 = Debug|Any CPU
		{9D16FC9B-98CC-4627-A0D9-3D7CCE326B57}.Release|Any CPU.ActiveCfg = Release|Any CPU
		{9D16FC9B-98CC-4627-A0D9-3D7CCE326B57}.Release|Any CPU.Build.0 = Release|Any CPU
		{8AAF1514-62B2-4900-A11D-0C292B6B3F89}.Debug|Any CPU.ActiveCfg = Debug|Any CPU
		{8AAF1514-62B2-4900-A11D-0C292B6B3F89}.Debug|Any CPU.Build.0 = Debug|Any CPU
		{8AAF1514-62B2-4900-A11D-0C292B6B3F89}.Release|Any CPU.ActiveCfg = Release|Any CPU
		{8AAF1514-62B2-4900-A11D-0C292B6B3F89}.Release|Any CPU.Build.0 = Release|Any CPU
		{4253CB7F-1898-4E12-A646-23DBE15412DC}.Debug|Any CPU.ActiveCfg = Debug|Any CPU
		{4253CB7F-1898-4E12-A646-23DBE15412DC}.Debug|Any CPU.Build.0 = Debug|Any CPU
		{4253CB7F-1898-4E12-A646-23DBE15412DC}.Release|Any CPU.ActiveCfg = Release|Any CPU
		{4253CB7F-1898-4E12-A646-23DBE15412DC}.Release|Any CPU.Build.0 = Release|Any CPU
		{F7CE3A45-ED8C-46E7-A15A-EA3981CE1072}.Debug|Any CPU.ActiveCfg = Debug|Any CPU
		{F7CE3A45-ED8C-46E7-A15A-EA3981CE1072}.Debug|Any CPU.Build.0 = Debug|Any CPU
		{F7CE3A45-ED8C-46E7-A15A-EA3981CE1072}.Release|Any CPU.ActiveCfg = Release|Any CPU
		{F7CE3A45-ED8C-46E7-A15A-EA3981CE1072}.Release|Any CPU.Build.0 = Release|Any CPU
	EndGlobalSection
	GlobalSection(SolutionProperties) = preSolution
		HideSolutionNode = FALSE
	EndGlobalSection
	GlobalSection(NestedProjects) = preSolution
		{959957E5-0D16-42DF-B281-F3E1886E069C} = {DD11AB8D-D872-4BFD-851F-53F686DC99D6}
		{46321BAA-09EB-4B96-BF9B-787B30E9E2AD} = {DD11AB8D-D872-4BFD-851F-53F686DC99D6}
		{064D35B0-5236-47BC-86E4-73B54A2BED44} = {DD11AB8D-D872-4BFD-851F-53F686DC99D6}
		{DC69F3F7-6129-4AFC-BCBD-C86E4D721542} = {DD11AB8D-D872-4BFD-851F-53F686DC99D6}
		{9D16FC9B-98CC-4627-A0D9-3D7CCE326B57} = {DD11AB8D-D872-4BFD-851F-53F686DC99D6}
		{8AAF1514-62B2-4900-A11D-0C292B6B3F89} = {DD11AB8D-D872-4BFD-851F-53F686DC99D6}
		{4253CB7F-1898-4E12-A646-23DBE15412DC} = {DD11AB8D-D872-4BFD-851F-53F686DC99D6}
		{F7CE3A45-ED8C-46E7-A15A-EA3981CE1072} = {DD11AB8D-D872-4BFD-851F-53F686DC99D6}
	EndGlobalSection
	GlobalSection(ExtensibilityGlobals) = postSolution
		SolutionGuid = {B9A548CF-CBBC-4F64-A88B-137FBB3A81DC}
	EndGlobalSection
EndGlobal
