
Microsoft Visual Studio Solution File, Format Version 12.00
# Visual Studio Version 17
VisualStudioVersion = 17.5.002.0
MinimumVisualStudioVersion = 10.0.40219.1
Project("{9A19103F-16F7-4668-BE54-9A1E7A4F7556}") = "BookCatalog.API", "BookCatalog.API.csproj", "{EC2F81B4-440E-4781-847D-38B6C0B612DC}"
EndProject
Global
	GlobalSection(SolutionConfigurationPlatforms) = preSolution
		Debug|Any CPU = Debug|Any CPU
		Release|Any CPU = Release|Any CPU
	EndGlobalSection
	GlobalSection(ProjectConfigurationPlatforms) = postSolution
		{EC2F81B4-440E-4781-847D-38B6C0B612DC}.Debug|Any CPU.ActiveCfg = Debug|Any CPU
		{EC2F81B4-440E-4781-847D-38B6C0B612DC}.Debug|Any CPU.Build.0 = Debug|Any CPU
		{EC2F81B4-440E-4781-847D-38B6C0B612DC}.Release|Any CPU.ActiveCfg = Release|Any CPU
		{EC2F81B4-440E-4781-847D-38B6C0B612DC}.Release|Any CPU.Build.0 = Release|Any CPU
	EndGlobalSection
	GlobalSection(SolutionProperties) = preSolution
		HideSolutionNode = FALSE
	EndGlobalSection
	GlobalSection(ExtensibilityGlobals) = postSolution
		SolutionGuid = {DB02FEF3-2745-4D4C-A9D5-C9A398574591}
	EndGlobalSection
EndGlobal
